{
  "name": "@bopen/gateway",
  "version": "0.1.0",
  "lockfileVersion": 3,
  "requires": true,
  "packages": {
    "": {
      "name": "@bopen/gateway",
      "version": "0.1.0",
      "dependencies": {
        "@hono/node-server": "2.0.12",
        "hono": "4.12.32",
        "zod": "4.4.3"
      },
      "engines": {
        "node": ">=24"
      }
    },
    "node_modules/@hono/node-server": {
      "version": "2.0.12",
      "resolved": "https://registry.npmmirror.com/@hono/node-server/-/node-server-2.0.12.tgz",
      "integrity": "sha512-eWpQYr67tqJLeaSUl0Q+TquuYfUdTibpOJlUMV2FfUP7+KqCC5TufnwnlXL6mobZBJbGAYRd7ZvEBDCbLInjhg==",
      "license": "MIT",
      "engines": {
        "node": ">=20"
      },
      "peerDependencies": {
        "hono": "^4"
      }
    },
    "node_modules/hono": {
      "version": "4.12.32",
      "resolved": "https://registry.npmmirror.com/hono/-/hono-4.12.32.tgz",
      "integrity": "sha512-XcuyW9qE2kJn07PkecMOBd5Vq/hMy7mmGw+idz1yblbg9N17ijJODrvPkn7/dwL3Kulj8LcRJ69DLOWf91dRUg==",
      "license": "MIT",
      "engines": {
        "node": ">=16.9.0"
      }
    },
    "node_modules/zod": {
      "version": "4.4.3",
      "resolved": "https://registry.npmmirror.com/zod/-/zod-4.4.3.tgz",
      "integrity": "sha512-ytENFjIJFl2UwYglde2jchW2Hwm4GJFLDiSXWdTrJQBIN9Fcyp7n4DhxJEiWNAJMV1/BqWfW/kkg71UDcHJyTQ==",
      "license": "MIT",
      "funding": {
        "url": "https://github.com/sponsors/colinhacks"
      }
    }
  }
}
